<?xml version="1.0" encoding="utf-8"?>
<Project ToolsVersion="4.0" xmlns="http://schemas.microsoft.com/developer/msbuild/2003">
  <ItemGroup>
    <Filter Include="소스 파일">
      <UniqueIdentifier>{4FC737F1-C7A5-4376-A066-2A32D752A2FF}</UniqueIdentifier>
      <Extensions>cpp;c;cc;cxx;c++;cppm;ixx;def;odl;idl;hpj;bat;asm;asmx</Extensions>
    </Filter>
    <Filter Include="헤더 파일">
      <UniqueIdentifier>{93995380-89BD-4b04-88EB-625FBE52EBFB}</UniqueIdentifier>
      <Extensions>h;hh;hpp;hxx;h++;hm;inl;inc;ipp;xsd</Extensions>
    </Filter>
    <Filter Include="리소스 파일">
      <UniqueIdentifier>{67DA6AB6-F800-4c08-8B7A-83BB121AAD01}</UniqueIdentifier>
      <Extensions>rc;ico;cur;bmp;dlg;rc2;rct;bin;rgs;gif;jpg;jpeg;jpe;resx;tiff;tif;png;wav;mfcribbon-ms</Extensions>
    </Filter>
    <Filter Include="소스 파일\data">
      <UniqueIdentifier>{ef4513c4-47b4-43b2-9d27-01df7c0b5cfc}</UniqueIdentifier>
    </Filter>
    <Filter Include="헤더 파일\data">
      <UniqueIdentifier>{5bae38c3-57f0-4661-968b-b4ac41e1d2d0}</UniqueIdentifier>
    </Filter>
    <Filter Include="헤더 파일\windows">
      <UniqueIdentifier>{acec1c10-d0fe-4bb0-8827-2461c31237a1}</UniqueIdentifier>
    </Filter>
    <Filter Include="헤더 파일\pipeline">
      <UniqueIdentifier>{efc85569-241a-40f5-b520-65f8c6b21d76}</UniqueIdentifier>
    </Filter>
    <Filter Include="소스 파일\pipeline">
      <UniqueIdentifier>{f235437f-c65b-45b8-bfd0-e5e45e254437}</UniqueIdentifier>
    </Filter>
    <Filter Include="헤더 파일\pipeline\processors">
      <UniqueIdentifier>{38169b5f-40a0-4c7a-a8dd-189435e451af}</UniqueIdentifier>
    </Filter>
    <Filter Include="소스 파일\pipeline\processors">
      <UniqueIdentifier>{ba662b14-8011-4dfd-b998-ce95bc55ec70}</UniqueIdentifier>
    </Filter>
    <Filter Include="소스 파일\pipeline\datas">
      <UniqueIdentifier>{7e5c1b91-bb49-45e5-8152-87c3a18cb23d}</UniqueIdentifier>
    </Filter>
    <Filter Include="헤더 파일\pipeline\datas">
      <UniqueIdentifier>{f1746310-c642-40de-96f0-e9fedf3c28c5}</UniqueIdentifier>
    </Filter>
    <Filter Include="libs">
      <UniqueIdentifier>{66e30b2a-7926-49fd-a28d-90bff7587dc4}</UniqueIdentifier>
    </Filter>
    <Filter Include="libs\tga">
      <UniqueIdentifier>{4b5f1bce-162a-4ce0-9ea1-49e5ce83eb20}</UniqueIdentifier>
    </Filter>
  </ItemGroup>
  <ItemGroup>
    <ClInclude Include="targetver.h">
      <Filter>헤더 파일\windows</Filter>
    </ClInclude>
    <ClInclude Include="framework.h">
      <Filter>헤더 파일\windows</Filter>
    </ClInclude>
    <ClInclude Include="Renderer1.h">
      <Filter>헤더 파일\windows</Filter>
    </ClInclude>
    <ClInclude Include="Resource.h">
      <Filter>헤더 파일\windows</Filter>
    </ClInclude>
    <ClInclude Include="Texture.hpp">
      <Filter>헤더 파일\data</Filter>
    </ClInclude>
    <ClInclude Include="RenderingPipeline.h">
      <Filter>헤더 파일\pipeline</Filter>
    </ClInclude>
    <ClInclude Include="Types.h">
      <Filter>헤더 파일\data</Filter>
    </ClInclude>
    <ClInclude Include="Vectors.h">
      <Filter>헤더 파일\data</Filter>
    </ClInclude>
    <ClInclude Include="Matrixes.h">
      <Filter>헤더 파일\data</Filter>
    </ClInclude>
    <ClInclude Include="DataFrameBuffer.h">
      <Filter>헤더 파일\pipeline\datas</Filter>
    </ClInclude>
    <ClInclude Include="Merger.h">
      <Filter>헤더 파일\pipeline\processors</Filter>
    </ClInclude>
    <ClInclude Include="BitmapDrawer.h">
      <Filter>헤더 파일\pipeline\processors</Filter>
    </ClInclude>
    <ClInclude Include="DataPixelColor.h">
      <Filter>헤더 파일\pipeline\datas</Filter>
    </ClInclude>
    <ClInclude Include="DataFragment.h">
      <Filter>헤더 파일\pipeline\datas</Filter>
    </ClInclude>
    <ClInclude Include="FragmentShader.h">
      <Filter>헤더 파일\pipeline\processors</Filter>
    </ClInclude>
    <ClInclude Include="tga-main\tga.h">
      <Filter>libs\tga</Filter>
    </ClInclude>
  </ItemGroup>
  <ItemGroup>
    <ClCompile Include="Renderer1.cpp">
      <Filter>소스 파일</Filter>
    </ClCompile>
    <ClCompile Include="Vectors.cpp">
      <Filter>소스 파일\data</Filter>
    </ClCompile>
    <ClCompile Include="Matrixes.cpp">
      <Filter>소스 파일\data</Filter>
    </ClCompile>
    <ClCompile Include="RenderingPipeline.cpp">
      <Filter>소스 파일\pipeline</Filter>
    </ClCompile>
    <ClCompile Include="Merger.cpp">
      <Filter>소스 파일\pipeline\processors</Filter>
    </ClCompile>
    <ClCompile Include="BitmapDrawer.cpp">
      <Filter>소스 파일\pipeline\processors</Filter>
    </ClCompile>
    <ClCompile Include="DataFrameBuffer.cpp">
      <Filter>소스 파일\pipeline\datas</Filter>
    </ClCompile>
    <ClCompile Include="DataPixelColor.cpp">
      <Filter>소스 파일\pipeline\datas</Filter>
    </ClCompile>
    <ClCompile Include="DataFragment.cpp">
      <Filter>소스 파일\pipeline\datas</Filter>
    </ClCompile>
    <ClCompile Include="FragmentShader.cpp">
      <Filter>소스 파일\pipeline\processors</Filter>
    </ClCompile>
    <ClCompile Include="tga-main\decoder.cpp">
      <Filter>libs\tga</Filter>
    </ClCompile>
    <ClCompile Include="tga-main\encoder.cpp">
      <Filter>libs\tga</Filter>
    </ClCompile>
    <ClCompile Include="tga-main\image_iterator.cpp">
      <Filter>libs\tga</Filter>
    </ClCompile>
    <ClCompile Include="tga-main\stdio.cpp">
      <Filter>libs\tga</Filter>
    </ClCompile>
    <ClCompile Include="Types.cpp">
      <Filter>소스 파일\data</Filter>
    </ClCompile>
  </ItemGroup>
  <ItemGroup>
    <ResourceCompile Include="Renderer1.rc">
      <Filter>리소스 파일</Filter>
    </ResourceCompile>
  </ItemGroup>
  <ItemGroup>
    <Image Include="small.ico">
      <Filter>리소스 파일</Filter>
    </Image>
    <Image Include="Renderer1.ico">
      <Filter>리소스 파일</Filter>
    </Image>
  </ItemGroup>
  <ItemGroup>
    <None Include="..\README.md">
      <Filter>리소스 파일</Filter>
    </None>
    <None Include="tga-main\CONTRIBUTING.md">
      <Filter>libs\tga</Filter>
    </None>
    <None Include="tga-main\README.md">
      <Filter>libs\tga</Filter>
    </None>
  </ItemGroup>
  <ItemGroup>
    <Text Include="tga-main\CMakeLists.txt">
      <Filter>libs\tga</Filter>
    </Text>
    <Text Include="tga-main\LICENSE.txt">
      <Filter>libs\tga</Filter>
    </Text>
  </ItemGroup>
</Project>